schema: '2.0'
stages:
  process:
    cmd: python scripts/process_data.py --input_dir data/raw --output_file 
      data/processed/processed_data.parquet
    deps:
    - path: scripts/process_data.py
      hash: md5
      md5: 60574c96e48b1c248705ab599f30b3bf
      size: 4512
      isexec: true
    outs:
    - path: data/processed/processed_data.parquet
      hash: md5
      md5: 545d4e755cf3fde994c6399cde0bf6d3
      size: 1868279
