schema: '2.0'
stages:
  process:
    cmd: python scripts/process_data.py --input_dir data/raw --output_file 
      data/processed/processed_data.parquet
    deps:
    - path: scripts/process_data.py
      hash: md5
      md5: 0b0d97413e403c66d0e65a8731331754
      size: 4885
      isexec: true
    outs:
    - path: data/processed/processed_data.parquet
      hash: md5
      md5: 8f8b644fbe0924d0cab140c22e068411
      size: 28896303
